
Microsoft Visual Studio Solution File, Format Version 12.00
# Visual Studio Version 16
VisualStudioVersion = 16.0.32901.82
MinimumVisualStudioVersion = 10.0.40219.1
Project("{FAE04EC0-301F-11D3-BF4B-00C04F79EFBC}") = "ktpPzpz1p3", "ktpPzpz1p3\ktpPzpz1p3.csproj", "{900BA60C-496E-45DF-A6F5-C772E7F0263C}"
EndProject
Global
	GlobalSection(SolutionConfigurationPlatforms) = preSolution
		Debug|Any CPU = Debug|Any CPU
		Release|Any CPU = Release|Any CPU
	EndGlobalSection
	GlobalSection(ProjectConfigurationPlatforms) = postSolution
		{900BA60C-496E-45DF-A6F5-C772E7F0263C}.Debug|Any CPU.ActiveCfg = Debug|Any CPU
		{900BA60C-496E-45DF-A6F5-C772E7F0263C}.Debug|Any CPU.Build.0 = Debug|Any CPU
		{900BA60C-496E-45DF-A6F5-C772E7F0263C}.Release|Any CPU.ActiveCfg = Release|Any CPU
		{900BA60C-496E-45DF-A6F5-C772E7F0263C}.Release|Any CPU.Build.0 = Release|Any CPU
	EndGlobalSection
	GlobalSection(SolutionProperties) = preSolution
		HideSolutionNode = FALSE
	EndGlobalSection
	GlobalSection(ExtensibilityGlobals) = postSolution
		SolutionGuid = {59C54DE4-F138-427F-B405-5F7940FB134F}
	EndGlobalSection
EndGlobal
